
Microsoft Visual Studio Solution File, Format Version 12.00
# Visual Studio Version 17
VisualStudioVersion = 17.8.34525.116
MinimumVisualStudioVersion = 10.0.40219.1
Project("{FAE04EC0-301F-11D3-BF4B-00C04F79EFBC}") = "Proyecto", "Proyecto\Proyecto.csproj", "{C15548F0-079C-4118-8E28-76CE1B3C3054}"
EndProject
Global
	GlobalSection(SolutionConfigurationPlatforms) = preSolution
		Debug|Any CPU = Debug|Any CPU
		Release|Any CPU = Release|Any CPU
	EndGlobalSection
	GlobalSection(ProjectConfigurationPlatforms) = postSolution
		{C15548F0-079C-4118-8E28-76CE1B3C3054}.Debug|Any CPU.ActiveCfg = Debug|Any CPU
		{C15548F0-079C-4118-8E28-76CE1B3C3054}.Debug|Any CPU.Build.0 = Debug|Any CPU
		{C15548F0-079C-4118-8E28-76CE1B3C3054}.Release|Any CPU.ActiveCfg = Release|Any CPU
		{C15548F0-079C-4118-8E28-76CE1B3C3054}.Release|Any CPU.Build.0 = Release|Any CPU
	EndGlobalSection
	GlobalSection(SolutionProperties) = preSolution
		HideSolutionNode = FALSE
	EndGlobalSection
	GlobalSection(ExtensibilityGlobals) = postSolution
		SolutionGuid = {804C6C9E-F08E-4B1C-9880-224D07D42973}
	EndGlobalSection
EndGlobal
